# This file is autogenerated, do not edit; changes may be undone by the next 'dep ensure'.


[[projects]]
  name = "github.com/gempir/go-twitch-irc"
  packages = ["."]
  revision = "4d6cd828482ee46468feb78a057ad1396ad9d813"
  version = "0.22"

[solve-meta]
  analyzer-name = "dep"
  analyzer-version = 1
  inputs-digest = "59de19da155f1605d03069e2be052d7db931f2cb51226c983f236a88dce4f03f"
  solver-name = "gps-cdcl"
  solver-version = 1
